{
  "version": "4",
  "specifiers": {
    "jsr:@cliffy/ansi@1.0.0-rc.5": "1.0.0-rc.5",
    "jsr:@cliffy/command@1.0.0-rc.5": "1.0.0-rc.5",
    "jsr:@cliffy/flags@1.0.0-rc.5": "1.0.0-rc.5",
    "jsr:@cliffy/internal@1.0.0-rc.5": "1.0.0-rc.5",
    "jsr:@cliffy/table@1.0.0-rc.5": "1.0.0-rc.5",
    "jsr:@luca/esbuild-deno-loader@0.11": "0.11.0",
    "jsr:@std/bytes@^1.0.2": "1.0.3",
    "jsr:@std/cli@1.0.0-rc.2": "1.0.0-rc.2",
    "jsr:@std/datetime@0.224.0": "0.224.0",
    "jsr:@std/encoding@^1.0.5": "1.0.5",
    "jsr:@std/fmt@~0.225.4": "0.225.6",
    "jsr:@std/path@^1.0.6": "1.0.8",
    "jsr:@std/text@1.0.0-rc.1": "1.0.0-rc.1",
    "npm:@types/node@*": "22.5.4",
    "npm:date-fns@*": "4.1.0",
    "npm:emphasize@7.0.0": "7.0.0",
    "npm:esbuild@0.20.2": "0.20.2",
    "npm:highlight.js@^11.10.0": "11.10.0"
  },
  "jsr": {
    "@cliffy/ansi@1.0.0-rc.5": {
      "integrity": "85a4dba4da5d8278dcdfeea98672cd15706c244833f82edc60c61f410d9fc1a9",
      "dependencies": [
        "jsr:@std/fmt"
      ]
    },
    "@cliffy/command@1.0.0-rc.5": {
      "integrity": "55e00a1d0ae38152fb275a89494a81ffb9b144eb9060107c0be5af46e1ba736c",
      "dependencies": [
        "jsr:@cliffy/flags",
        "jsr:@cliffy/internal",
        "jsr:@cliffy/table",
        "jsr:@std/fmt",
        "jsr:@std/text"
      ]
    },
    "@cliffy/flags@1.0.0-rc.5": {
      "integrity": "bd33b7b399e0af353f5516d87a2d552d46ee7e7f4a6f0c0bc65fcce750710217",
      "dependencies": [
        "jsr:@std/text"
      ]
    },
    "@cliffy/internal@1.0.0-rc.5": {
      "integrity": "1e8dca4fcfba1815bf1a899bb880e09f8b45284c352465ef8fb015887c1fc126"
    },
    "@cliffy/table@1.0.0-rc.5": {
      "integrity": "2b3e1b4764bbb56b0c39aeba95bc0bb551d9bd4475fbb6d1ce368c08b7ef9eb3",
      "dependencies": [
        "jsr:@std/cli",
        "jsr:@std/fmt"
      ]
    },
    "@luca/esbuild-deno-loader@0.11.0": {
      "integrity": "c05a989aa7c4ee6992a27be5f15cfc5be12834cab7ff84cabb47313737c51a2c",
      "dependencies": [
        "jsr:@std/bytes",
        "jsr:@std/encoding",
        "jsr:@std/path"
      ]
    },
    "@std/bytes@1.0.3": {
      "integrity": "e5d5b9e685966314e4edb4be60dfc4bd7624a075bfd4ec8109252b4320f76452"
    },
    "@std/cli@1.0.0-rc.2": {
      "integrity": "97dfae82b9f0e189768ebfa7a5da53375955b94bad0a1804f8e3b73563b03787"
    },
    "@std/datetime@0.224.0": {
      "integrity": "7b2e41f44a241a2205a113d2931c536fa384e79d58298bd133ae003ef06637bb"
    },
    "@std/encoding@1.0.5": {
      "integrity": "ecf363d4fc25bd85bd915ff6733a7e79b67e0e7806334af15f4645c569fefc04"
    },
    "@std/fmt@0.225.6": {
      "integrity": "aba6aea27f66813cecfd9484e074a9e9845782ab0685c030e453a8a70b37afc8"
    },
    "@std/path@1.0.8": {
      "integrity": "548fa456bb6a04d3c1a1e7477986b6cffbce95102d0bb447c67c4ee70e0364be"
    },
    "@std/text@1.0.0-rc.1": {
      "integrity": "34c722203e87ee12792c8d4a0cd2ee0e001341cbce75b860fc21be19d62232b0"
    }
  },
  "npm": {
    "@esbuild/aix-ppc64@0.20.2": {
      "integrity": "sha512-D+EBOJHXdNZcLJRBkhENNG8Wji2kgc9AZ9KiPr1JuZjsNtyHzrsfLRrY0tk2H2aoFu6RANO1y1iPPUCDYWkb5g=="
    },
    "@esbuild/android-arm64@0.20.2": {
      "integrity": "sha512-mRzjLacRtl/tWU0SvD8lUEwb61yP9cqQo6noDZP/O8VkwafSYwZ4yWy24kan8jE/IMERpYncRt2dw438LP3Xmg=="
    },
    "@esbuild/android-arm@0.20.2": {
      "integrity": "sha512-t98Ra6pw2VaDhqNWO2Oph2LXbz/EJcnLmKLGBJwEwXX/JAN83Fym1rU8l0JUWK6HkIbWONCSSatf4sf2NBRx/w=="
    },
    "@esbuild/android-x64@0.20.2": {
      "integrity": "sha512-btzExgV+/lMGDDa194CcUQm53ncxzeBrWJcncOBxuC6ndBkKxnHdFJn86mCIgTELsooUmwUm9FkhSp5HYu00Rg=="
    },
    "@esbuild/darwin-arm64@0.20.2": {
      "integrity": "sha512-4J6IRT+10J3aJH3l1yzEg9y3wkTDgDk7TSDFX+wKFiWjqWp/iCfLIYzGyasx9l0SAFPT1HwSCR+0w/h1ES/MjA=="
    },
    "@esbuild/darwin-x64@0.20.2": {
      "integrity": "sha512-tBcXp9KNphnNH0dfhv8KYkZhjc+H3XBkF5DKtswJblV7KlT9EI2+jeA8DgBjp908WEuYll6pF+UStUCfEpdysA=="
    },
    "@esbuild/freebsd-arm64@0.20.2": {
      "integrity": "sha512-d3qI41G4SuLiCGCFGUrKsSeTXyWG6yem1KcGZVS+3FYlYhtNoNgYrWcvkOoaqMhwXSMrZRl69ArHsGJ9mYdbbw=="
    },
    "@esbuild/freebsd-x64@0.20.2": {
      "integrity": "sha512-d+DipyvHRuqEeM5zDivKV1KuXn9WeRX6vqSqIDgwIfPQtwMP4jaDsQsDncjTDDsExT4lR/91OLjRo8bmC1e+Cw=="
    },
    "@esbuild/linux-arm64@0.20.2": {
      "integrity": "sha512-9pb6rBjGvTFNira2FLIWqDk/uaf42sSyLE8j1rnUpuzsODBq7FvpwHYZxQ/It/8b+QOS1RYfqgGFNLRI+qlq2A=="
    },
    "@esbuild/linux-arm@0.20.2": {
      "integrity": "sha512-VhLPeR8HTMPccbuWWcEUD1Az68TqaTYyj6nfE4QByZIQEQVWBB8vup8PpR7y1QHL3CpcF6xd5WVBU/+SBEvGTg=="
    },
    "@esbuild/linux-ia32@0.20.2": {
      "integrity": "sha512-o10utieEkNPFDZFQm9CoP7Tvb33UutoJqg3qKf1PWVeeJhJw0Q347PxMvBgVVFgouYLGIhFYG0UGdBumROyiig=="
    },
    "@esbuild/linux-loong64@0.20.2": {
      "integrity": "sha512-PR7sp6R/UC4CFVomVINKJ80pMFlfDfMQMYynX7t1tNTeivQ6XdX5r2XovMmha/VjR1YN/HgHWsVcTRIMkymrgQ=="
    },
    "@esbuild/linux-mips64el@0.20.2": {
      "integrity": "sha512-4BlTqeutE/KnOiTG5Y6Sb/Hw6hsBOZapOVF6njAESHInhlQAghVVZL1ZpIctBOoTFbQyGW+LsVYZ8lSSB3wkjA=="
    },
    "@esbuild/linux-ppc64@0.20.2": {
      "integrity": "sha512-rD3KsaDprDcfajSKdn25ooz5J5/fWBylaaXkuotBDGnMnDP1Uv5DLAN/45qfnf3JDYyJv/ytGHQaziHUdyzaAg=="
    },
    "@esbuild/linux-riscv64@0.20.2": {
      "integrity": "sha512-snwmBKacKmwTMmhLlz/3aH1Q9T8v45bKYGE3j26TsaOVtjIag4wLfWSiZykXzXuE1kbCE+zJRmwp+ZbIHinnVg=="
    },
    "@esbuild/linux-s390x@0.20.2": {
      "integrity": "sha512-wcWISOobRWNm3cezm5HOZcYz1sKoHLd8VL1dl309DiixxVFoFe/o8HnwuIwn6sXre88Nwj+VwZUvJf4AFxkyrQ=="
    },
    "@esbuild/linux-x64@0.20.2": {
      "integrity": "sha512-1MdwI6OOTsfQfek8sLwgyjOXAu+wKhLEoaOLTjbijk6E2WONYpH9ZU2mNtR+lZ2B4uwr+usqGuVfFT9tMtGvGw=="
    },
    "@esbuild/netbsd-x64@0.20.2": {
      "integrity": "sha512-K8/DhBxcVQkzYc43yJXDSyjlFeHQJBiowJ0uVL6Tor3jGQfSGHNNJcWxNbOI8v5k82prYqzPuwkzHt3J1T1iZQ=="
    },
    "@esbuild/openbsd-x64@0.20.2": {
      "integrity": "sha512-eMpKlV0SThJmmJgiVyN9jTPJ2VBPquf6Kt/nAoo6DgHAoN57K15ZghiHaMvqjCye/uU4X5u3YSMgVBI1h3vKrQ=="
    },
    "@esbuild/sunos-x64@0.20.2": {
      "integrity": "sha512-2UyFtRC6cXLyejf/YEld4Hajo7UHILetzE1vsRcGL3earZEW77JxrFjH4Ez2qaTiEfMgAXxfAZCm1fvM/G/o8w=="
    },
    "@esbuild/win32-arm64@0.20.2": {
      "integrity": "sha512-GRibxoawM9ZCnDxnP3usoUDO9vUkpAxIIZ6GQI+IlVmr5kP3zUq+l17xELTHMWTWzjxa2guPNyrpq1GWmPvcGQ=="
    },
    "@esbuild/win32-ia32@0.20.2": {
      "integrity": "sha512-HfLOfn9YWmkSKRQqovpnITazdtquEW8/SoHW7pWpuEeguaZI4QnCRW6b+oZTztdBnZOS2hqJ6im/D5cPzBTTlQ=="
    },
    "@esbuild/win32-x64@0.20.2": {
      "integrity": "sha512-N49X4lJX27+l9jbLKSqZ6bKNjzQvHaT8IIFUy+YIqmXQdjYCToGWwOItDrfby14c78aDd5NHQl29xingXfCdLQ=="
    },
    "@types/hast@3.0.4": {
      "integrity": "sha512-WPs+bbQw5aCj+x6laNGWLH3wviHtoCv/P3+otBhbOhJgG8qtpdAMlTCxLtsTWA7LH1Oh/bFCHsBn0TPS5m30EQ==",
      "dependencies": [
        "@types/unist"
      ]
    },
    "@types/node@22.5.4": {
      "integrity": "sha512-FDuKUJQm/ju9fT/SeX/6+gBzoPzlVCzfzmGkwKvRHQVxi4BntVbyIwf6a4Xn62mrvndLiml6z/UBXIdEVjQLXg==",
      "dependencies": [
        "undici-types"
      ]
    },
    "@types/unist@3.0.3": {
      "integrity": "sha512-ko/gIFJRv177XgZsZcBwnqJN5x/Gien8qNOn0D5bQU/zAzVf9Zt3BlcUiLqhV9y4ARk0GbT3tnUiPNgnTXzc/Q=="
    },
    "chalk@5.3.0": {
      "integrity": "sha512-dLitG79d+GV1Nb/VYcCDFivJeK1hiukt9QjRNVOsUtTy1rR1YJsmpGGTZ3qJos+uw7WmWF4wUwBd9jxjocFC2w=="
    },
    "date-fns@4.1.0": {
      "integrity": "sha512-Ukq0owbQXxa/U3EGtsdVBkR1w7KOQ5gIBqdH2hkvknzZPYvBxb/aa6E8L7tmjFtkwZBu3UXBbjIgPo/Ez4xaNg=="
    },
    "dequal@2.0.3": {
      "integrity": "sha512-0je+qPKHEMohvfRTCEo3CrPG6cAzAYgmzKyxRiYSSDkS6eGJdyVJm7WaYA5ECaAD9wLB2T4EEeymA5aFVcYXCA=="
    },
    "devlop@1.1.0": {
      "integrity": "sha512-RWmIqhcFf1lRYBvNmr7qTNuyCt/7/ns2jbpp1+PalgE/rDQcBT0fioSMUpJ93irlUhC5hrg4cYqe6U+0ImW0rA==",
      "dependencies": [
        "dequal"
      ]
    },
    "emphasize@7.0.0": {
      "integrity": "sha512-jdFCDyt+YetBXO12VwK4AiLsMCvkZ3IBxMVIJddB+25EwIL0VETBgpvPkJl63+JyAgaQ5Wja10qWMoXXC95JNg==",
      "dependencies": [
        "@types/hast",
        "chalk",
        "highlight.js@11.9.0",
        "lowlight"
      ]
    },
    "esbuild@0.20.2": {
      "integrity": "sha512-WdOOppmUNU+IbZ0PaDiTst80zjnrOkyJNHoKupIcVyU8Lvla3Ugx94VzkQ32Ijqd7UhHJy75gNWDMUekcrSJ6g==",
      "dependencies": [
        "@esbuild/aix-ppc64",
        "@esbuild/android-arm",
        "@esbuild/android-arm64",
        "@esbuild/android-x64",
        "@esbuild/darwin-arm64",
        "@esbuild/darwin-x64",
        "@esbuild/freebsd-arm64",
        "@esbuild/freebsd-x64",
        "@esbuild/linux-arm",
        "@esbuild/linux-arm64",
        "@esbuild/linux-ia32",
        "@esbuild/linux-loong64",
        "@esbuild/linux-mips64el",
        "@esbuild/linux-ppc64",
        "@esbuild/linux-riscv64",
        "@esbuild/linux-s390x",
        "@esbuild/linux-x64",
        "@esbuild/netbsd-x64",
        "@esbuild/openbsd-x64",
        "@esbuild/sunos-x64",
        "@esbuild/win32-arm64",
        "@esbuild/win32-ia32",
        "@esbuild/win32-x64"
      ]
    },
    "highlight.js@11.10.0": {
      "integrity": "sha512-SYVnVFswQER+zu1laSya563s+F8VDGt7o35d4utbamowvUNLLMovFqwCLSocpZTz3MgaSRA1IbqRWZv97dtErQ=="
    },
    "highlight.js@11.9.0": {
      "integrity": "sha512-fJ7cW7fQGCYAkgv4CPfwFHrfd/cLS4Hau96JuJ+ZTOWhjnhoeN1ub1tFmALm/+lW5z4WCAuAV9bm05AP0mS6Gw=="
    },
    "lowlight@3.1.0": {
      "integrity": "sha512-CEbNVoSikAxwDMDPjXlqlFYiZLkDJHwyGu/MfOsJnF3d7f3tds5J3z8s/l9TMXhzfsJCCJEAsD78842mwmg0PQ==",
      "dependencies": [
        "@types/hast",
        "devlop",
        "highlight.js@11.9.0"
      ]
    },
    "undici-types@6.19.8": {
      "integrity": "sha512-ve2KP6f/JnbPBFyobGHuerC9g1FYGn/F8n1LWTwNxCEzd6IfqTwUQcNXgEtmmQ6DlRrC1hrSrBnCZPokRrDHjw=="
    }
  },
  "remote": {
    "https://deno.land/std@0.196.0/_util/os.ts": "d932f56d41e4f6a6093d56044e29ce637f8dcc43c5a90af43504a889cf1775e3",
    "https://deno.land/std@0.196.0/assert/assert.ts": "9a97dad6d98c238938e7540736b826440ad8c1c1e54430ca4c4e623e585607ee",
    "https://deno.land/std@0.196.0/assert/assertion_error.ts": "4d0bde9b374dfbcbe8ac23f54f567b77024fb67dbb1906a852d67fe050d42f56",
    "https://deno.land/std@0.196.0/encoding/base64.ts": "144ae6234c1fbe5b68666c711dc15b1e9ee2aef6d42b3b4345bf9a6c91d70d0d",
    "https://deno.land/std@0.196.0/fmt/colors.ts": "a7eecffdf3d1d54db890723b303847b6e0a1ab4b528ba6958b8f2e754cf1b3bc",
    "https://deno.land/std@0.196.0/path/_constants.ts": "e49961f6f4f48039c0dfed3c3f93e963ca3d92791c9d478ac5b43183413136e0",
    "https://deno.land/std@0.196.0/path/_interface.ts": "6471159dfbbc357e03882c2266d21ef9afdb1e4aa771b0545e90db58a0ba314b",
    "https://deno.land/std@0.196.0/path/_util.ts": "d7abb1e0dea065f427b89156e28cdeb32b045870acdf865833ba808a73b576d0",
    "https://deno.land/std@0.196.0/path/common.ts": "ee7505ab01fd22de3963b64e46cff31f40de34f9f8de1fff6a1bd2fe79380000",
    "https://deno.land/std@0.196.0/path/glob.ts": "d479e0a695621c94d3fd7fe7abd4f9499caf32a8de13f25073451c6ef420a4e1",
    "https://deno.land/std@0.196.0/path/mod.ts": "f065032a7189404fdac3ad1a1551a9ac84751d2f25c431e101787846c86c79ef",
    "https://deno.land/std@0.196.0/path/posix.ts": "8b7c67ac338714b30c816079303d0285dd24af6b284f7ad63da5b27372a2c94d",
    "https://deno.land/std@0.196.0/path/separator.ts": "0fb679739d0d1d7bf45b68dacfb4ec7563597a902edbaf3c59b50d5bcadd93b1",
    "https://deno.land/std@0.196.0/path/win32.ts": "4fca292f8d116fd6d62f243b8a61bd3d6835a9f0ede762ba5c01afe7c3c0aa12",
    "https://deno.land/x/cliffy@v1.0.0-rc.3/_utils/distance.ts": "02af166952c7c358ac83beae397aa2fbca4ad630aecfcd38d92edb1ea429f004",
    "https://deno.land/x/cliffy@v1.0.0-rc.3/ansi/ansi_escapes.ts": "193b3c3a4e520274bd8322ca4cab1c3ce38070bed1898cb2ade12a585dddd7c9",
    "https://deno.land/x/cliffy@v1.0.0-rc.3/ansi/chain.ts": "eca61b1b64cad7b9799490c12c7aa5538d0f63ac65a73ddb6acac8b35f0a5323",
    "https://deno.land/x/cliffy@v1.0.0-rc.3/ansi/cursor_position.ts": "caa008d29f7a904908bda514f9839bfbb7a93f2d5f5580501675b646d26a87ff",
    "https://deno.land/x/cliffy@v1.0.0-rc.3/ansi/deps.ts": "f48ae5d066684793f4a203524db2a9fd61f514527934b458006f3e57363c0215",
    "https://deno.land/x/cliffy@v1.0.0-rc.3/ansi/tty.ts": "155aacdcb7dc00f3f95352616a2415c622ffb88db51c5934e5d2e8341eab010b",
    "https://deno.land/x/cliffy@v1.0.0-rc.3/keycode/_key_codes.ts": "917f0a2da0dbace08cf29bcfdaaa2257da9fe7e705fff8867d86ed69dfb08cfe",
    "https://deno.land/x/cliffy@v1.0.0-rc.3/keycode/key_code.ts": "730fa675ca12fc2a99ba718aa8dbebb1f2c89afd47484e30ef3cb705ddfca367",
    "https://deno.land/x/cliffy@v1.0.0-rc.3/keycode/mod.ts": "981b828bddada634e62a2a067b9d1592986180c4e920eb55e0a43cc085eb98ab",
    "https://deno.land/x/cliffy@v1.0.0-rc.3/prompt/_figures.ts": "e22413ddd51bb271b6b861a058742e83aaa3f62c14e8162cb73ae6f047062f51",
    "https://deno.land/x/cliffy@v1.0.0-rc.3/prompt/_generic_input.ts": "870dad97077582439cee26cb19aec123b4850376331338abdc64a91224733cdc",
    "https://deno.land/x/cliffy@v1.0.0-rc.3/prompt/_generic_list.ts": "8b0bea4521b1e2f62c564e0d3764a63264043694f4228bb0bc0b63ce129ef33b",
    "https://deno.land/x/cliffy@v1.0.0-rc.3/prompt/_generic_prompt.ts": "4c9d9cdeda749620a3f5332524df13d083e2d59b1ed90a003f43cd0991a75a10",
    "https://deno.land/x/cliffy@v1.0.0-rc.3/prompt/_generic_suggestions.ts": "5e6ee1190b4dd5af261ae2ff0196dec7f1988ea9c41c6288cfaece293703002c",
    "https://deno.land/x/cliffy@v1.0.0-rc.3/prompt/_utils.ts": "498ae639d7666599d612b615ee85de9103b3c3a913d5196f6b265072674258c7",
    "https://deno.land/x/cliffy@v1.0.0-rc.3/prompt/checkbox.ts": "9cfd71f1e278d0ef76054be103d956b66995593902c149380d01b1a1647025f3",
    "https://deno.land/x/cliffy@v1.0.0-rc.3/prompt/confirm.ts": "ff892331f6de281079421fe2f57f1d56acb38f28bc48678f87a3fc11ef4a5f7c",
    "https://deno.land/x/cliffy@v1.0.0-rc.3/prompt/deps.ts": "2560142f070bb2668e2e8a74683c799461648b9aad01bbf36b3cad3851d712e6",
    "https://deno.land/x/cliffy@v1.0.0-rc.3/prompt/input.ts": "81821244f895cc4db32c2511c17e21fb48fd7606e300605aeb2a231ab1680544",
    "https://deno.land/x/cliffy@v1.0.0-rc.3/prompt/list.ts": "e5d3e1a6d931b9736d03eec2425fb7b4d2b8d1461a84e210b4787edda414dca4",
    "https://deno.land/x/cliffy@v1.0.0-rc.3/prompt/mod.ts": "f8789193742daf3aba93b543a2ea099383284d60fcccc03567102e28c0d61927",
    "https://deno.land/x/cliffy@v1.0.0-rc.3/prompt/number.ts": "5421bf1b6411a6f02c44da4e867f19e02315450769e0feacab3c1c88cc1b06d6",
    "https://deno.land/x/cliffy@v1.0.0-rc.3/prompt/prompt.ts": "f10e1c8a0c2ca093a485f7f1156342210b27a8cffc96fe0b4cff60007cabab30",
    "https://deno.land/x/cliffy@v1.0.0-rc.3/prompt/secret.ts": "cece271c7ce01e12b249c31c2f9cea9e53b6e6be7621a478dac902bd8f288b61",
    "https://deno.land/x/cliffy@v1.0.0-rc.3/prompt/select.ts": "c10902aeaca02a55d9b846934958dd166ee39c741faebdaa9800689e402186cf",
    "https://deno.land/x/cliffy@v1.0.0-rc.3/prompt/toggle.ts": "028f80de31750e7b5479727a64b4878f090ecd783fe3bb0d286e2e1c29f0eee3"
  },
  "workspace": {
    "dependencies": [
      "jsr:@cliffy/command@1.0.0-rc.5",
      "jsr:@cliffy/table@1.0.0-rc.5",
      "jsr:@std/encoding@1.0.1",
      "jsr:@std/fs@0.229.3",
      "jsr:@std/path@1.0.0",
      "jsr:@std/streams@0.224.5",
      "npm:date-fns@*",
      "npm:emphasize@7.0.0",
      "npm:highlight.js@^11.10.0",
      "npm:open@10.1.0",
      "npm:shlex@2.1.2",
      "npm:xdg-portable@*"
    ]
  }
}
